// !$*UTF8*$!
{
	archiveVersion = 1;
	classes = {
	};
	objectVersion = 50;
	objects = {

/* Begin PBXBuildFile section */
		227A1509254D5FFD009CF49E /* AppDelegate.swift in Sources */ = {isa = PBXBuildFile; fileRef = 227A1508254D5FFD009CF49E /* AppDelegate.swift */; };
		227A150D254D5FFD009CF49E /* HomeViewController.swift in Sources */ = {isa = PBXBuildFile; fileRef = 227A150C254D5FFD009CF49E /* HomeViewController.swift */; };
		227A1510254D5FFD009CF49E /* Main.storyboard in Resources */ = {isa = PBXBuildFile; fileRef = 227A150E254D5FFD009CF49E /* Main.storyboard */; };
		227A1512254D6003009CF49E /* Assets.xcassets in Resources */ = {isa = PBXBuildFile; fileRef = 227A1511254D6003009CF49E /* Assets.xcassets */; };
		227A1515254D6003009CF49E /* LaunchScreen.storyboard in Resources */ = {isa = PBXBuildFile; fileRef = 227A1513254D6003009CF49E /* LaunchScreen.storyboard */; };
		227A1521254D6102009CF49E /* HomeView.swift in Sources */ = {isa = PBXBuildFile; fileRef = 227A1520254D6102009CF49E /* HomeView.swift */; };
		227A1526254D6187009CF49E /* HomePresenter.swift in Sources */ = {isa = PBXBuildFile; fileRef = 227A1525254D6187009CF49E /* HomePresenter.swift */; };
		227A1529254D61E8009CF49E /* HomeRouter.swift in Sources */ = {isa = PBXBuildFile; fileRef = 227A1528254D61E8009CF49E /* HomeRouter.swift */; };
		227A152C254D6223009CF49E /* HomeInteractor.swift in Sources */ = {isa = PBXBuildFile; fileRef = 227A152B254D6223009CF49E /* HomeInteractor.swift */; };
		227A1530254D6285009CF49E /* HomeModel.swift in Sources */ = {isa = PBXBuildFile; fileRef = 227A152F254D6285009CF49E /* HomeModel.swift */; };
		227A1537254D6362009CF49E /* HomeModuleBuilder.swift in Sources */ = {isa = PBXBuildFile; fileRef = 227A1536254D6362009CF49E /* HomeModuleBuilder.swift */; };
		227A153C254F0989009CF49E /* StubService.swift in Sources */ = {isa = PBXBuildFile; fileRef = 227A153B254F0989009CF49E /* StubService.swift */; };
/* End PBXBuildFile section */

/* Begin PBXFileReference section */
		227A1505254D5FFD009CF49E /* VIPERModule.app */ = {isa = PBXFileReference; explicitFileType = wrapper.application; includeInIndex = 0; path = VIPERModule.app; sourceTree = BUILT_PRODUCTS_DIR; };
		227A1508254D5FFD009CF49E /* AppDelegate.swift */ = {isa = PBXFileReference; lastKnownFileType = sourcecode.swift; path = AppDelegate.swift; sourceTree = "<group>"; };
		227A150C254D5FFD009CF49E /* HomeViewController.swift */ = {isa = PBXFileReference; lastKnownFileType = sourcecode.swift; path = HomeViewController.swift; sourceTree = "<group>"; };
		227A150F254D5FFD009CF49E /* Base */ = {isa = PBXFileReference; lastKnownFileType = file.storyboard; name = Base; path = Base.lproj/Main.storyboard; sourceTree = "<group>"; };
		227A1511254D6003009CF49E /* Assets.xcassets */ = {isa = PBXFileReference; lastKnownFileType = folder.assetcatalog; path = Assets.xcassets; sourceTree = "<group>"; };
		227A1514254D6003009CF49E /* Base */ = {isa = PBXFileReference; lastKnownFileType = file.storyboard; name = Base; path = Base.lproj/LaunchScreen.storyboard; sourceTree = "<group>"; };
		227A1516254D6003009CF49E /* Info.plist */ = {isa = PBXFileReference; lastKnownFileType = text.plist.xml; path = Info.plist; sourceTree = "<group>"; };
		227A1520254D6102009CF49E /* HomeView.swift */ = {isa = PBXFileReference; lastKnownFileType = sourcecode.swift; path = HomeView.swift; sourceTree = "<group>"; };
		227A1525254D6187009CF49E /* HomePresenter.swift */ = {isa = PBXFileReference; lastKnownFileType = sourcecode.swift; path = HomePresenter.swift; sourceTree = "<group>"; };
		227A1528254D61E8009CF49E /* HomeRouter.swift */ = {isa = PBXFileReference; lastKnownFileType = sourcecode.swift; path = HomeRouter.swift; sourceTree = "<group>"; };
		227A152B254D6223009CF49E /* HomeInteractor.swift */ = {isa = PBXFileReference; lastKnownFileType = sourcecode.swift; path = HomeInteractor.swift; sourceTree = "<group>"; };
		227A152F254D6285009CF49E /* HomeModel.swift */ = {isa = PBXFileReference; lastKnownFileType = sourcecode.swift; path = HomeModel.swift; sourceTree = "<group>"; };
		227A1536254D6362009CF49E /* HomeModuleBuilder.swift */ = {isa = PBXFileReference; lastKnownFileType = sourcecode.swift; path = HomeModuleBuilder.swift; sourceTree = "<group>"; };
		227A153B254F0989009CF49E /* StubService.swift */ = {isa = PBXFileReference; lastKnownFileType = sourcecode.swift; path = StubService.swift; sourceTree = "<group>"; };
/* End PBXFileReference section */

/* Begin PBXFrameworksBuildPhase section */
		227A1502254D5FFD009CF49E /* Frameworks */ = {
			isa = PBXFrameworksBuildPhase;
			buildActionMask = 2147483647;
			files = (
			);
			runOnlyForDeploymentPostprocessing = 0;
		};
/* End PBXFrameworksBuildPhase section */

/* Begin PBXGroup section */
		227A14FC254D5FFD009CF49E = {
			isa = PBXGroup;
			children = (
				227A1507254D5FFD009CF49E /* VIPERModule */,
				227A1506254D5FFD009CF49E /* Products */,
			);
			sourceTree = "<group>";
		};
		227A1506254D5FFD009CF49E /* Products */ = {
			isa = PBXGroup;
			children = (
				227A1505254D5FFD009CF49E /* VIPERModule.app */,
			);
			name = Products;
			sourceTree = "<group>";
		};
		227A1507254D5FFD009CF49E /* VIPERModule */ = {
			isa = PBXGroup;
			children = (
				227A153A254F06A0009CF49E /* ServiceAPI */,
				227A151D254D6026009CF49E /* HomeModule */,
				227A1508254D5FFD009CF49E /* AppDelegate.swift */,
				227A150E254D5FFD009CF49E /* Main.storyboard */,
				227A1511254D6003009CF49E /* Assets.xcassets */,
				227A1513254D6003009CF49E /* LaunchScreen.storyboard */,
				227A1516254D6003009CF49E /* Info.plist */,
			);
			path = VIPERModule;
			sourceTree = "<group>";
		};
		227A151D254D6026009CF49E /* HomeModule */ = {
			isa = PBXGroup;
			children = (
				227A152E254D6259009CF49E /* HomeEntity */,
				227A150C254D5FFD009CF49E /* HomeViewController.swift */,
				227A1520254D6102009CF49E /* HomeView.swift */,
				227A1525254D6187009CF49E /* HomePresenter.swift */,
				227A1528254D61E8009CF49E /* HomeRouter.swift */,
				227A152B254D6223009CF49E /* HomeInteractor.swift */,
				227A1536254D6362009CF49E /* HomeModuleBuilder.swift */,
			);
			path = HomeModule;
			sourceTree = "<group>";
		};
		227A152E254D6259009CF49E /* HomeEntity */ = {
			isa = PBXGroup;
			children = (
				227A152F254D6285009CF49E /* HomeModel.swift */,
			);
			path = HomeEntity;
			sourceTree = "<group>";
		};
		227A153A254F06A0009CF49E /* ServiceAPI */ = {
			isa = PBXGroup;
			children = (
				227A153B254F0989009CF49E /* StubService.swift */,
			);
			path = ServiceAPI;
			sourceTree = "<group>";
		};
/* End PBXGroup section */

/* Begin PBXNativeTarget section */
		227A1504254D5FFD009CF49E /* VIPERModule */ = {
			isa = PBXNativeTarget;
			buildConfigurationList = 227A1519254D6003009CF49E /* Build configuration list for PBXNativeTarget "VIPERModule" */;
			buildPhases = (
				227A1501254D5FFD009CF49E /* Sources */,
				227A1502254D5FFD009CF49E /* Frameworks */,
				227A1503254D5FFD009CF49E /* Resources */,
			);
			buildRules = (
			);
			dependencies = (
			);
			name = VIPERModule;
			productName = VIPERModule;
			productReference = 227A1505254D5FFD009CF49E /* VIPERModule.app */;
			productType = "com.apple.product-type.application";
		};
/* End PBXNativeTarget section */

/* Begin PBXProject section */
		227A14FD254D5FFD009CF49E /* Project object */ = {
			isa = PBXProject;
			attributes = {
				LastSwiftUpdateCheck = 1200;
				LastUpgradeCheck = 1200;
				TargetAttributes = {
					227A1504254D5FFD009CF49E = {
						CreatedOnToolsVersion = 12.0.1;
					};
				};
			};
			buildConfigurationList = 227A1500254D5FFD009CF49E /* Build configuration list for PBXProject "VIPERModule" */;
			compatibilityVersion = "Xcode 9.3";
			developmentRegion = en;
			hasScannedForEncodings = 0;
			knownRegions = (
				en,
				Base,
			);
			mainGroup = 227A14FC254D5FFD009CF49E;
			productRefGroup = 227A1506254D5FFD009CF49E /* Products */;
			projectDirPath = "";
			projectRoot = "";
			targets = (
				227A1504254D5FFD009CF49E /* VIPERModule */,
			);
		};
/* End PBXProject section */

/* Begin PBXResourcesBuildPhase section */
		227A1503254D5FFD009CF49E /* Resources */ = {
			isa = PBXResourcesBuildPhase;
			buildActionMask = 2147483647;
			files = (
				227A1515254D6003009CF49E /* LaunchScreen.storyboard in Resources */,
				227A1512254D6003009CF49E /* Assets.xcassets in Resources */,
				227A1510254D5FFD009CF49E /* Main.storyboard in Resources */,
			);
			runOnlyForDeploymentPostprocessing = 0;
		};
/* End PBXResourcesBuildPhase section */

/* Begin PBXSourcesBuildPhase section */
		227A1501254D5FFD009CF49E /* Sources */ = {
			isa = PBXSourcesBuildPhase;
			buildActionMask = 2147483647;
			files = (
				227A150D254D5FFD009CF49E /* HomeViewController.swift in Sources */,
				227A1529254D61E8009CF49E /* HomeRouter.swift in Sources */,
				227A153C254F0989009CF49E /* StubService.swift in Sources */,
				227A1521254D6102009CF49E /* HomeView.swift in Sources */,
				227A1537254D6362009CF49E /* HomeModuleBuilder.swift in Sources */,
				227A1509254D5FFD009CF49E /* AppDelegate.swift in Sources */,
				227A1530254D6285009CF49E /* HomeModel.swift in Sources */,
				227A1526254D6187009CF49E /* HomePresenter.swift in Sources */,
				227A152C254D6223009CF49E /* HomeInteractor.swift in Sources */,
			);
			runOnlyForDeploymentPostprocessing = 0;
		};
/* End PBXSourcesBuildPhase section */

/* Begin PBXVariantGroup section */
		227A150E254D5FFD009CF49E /* Main.storyboard */ = {
			isa = PBXVariantGroup;
			children = (
				227A150F254D5FFD009CF49E /* Base */,
			);
			name = Main.storyboard;
			sourceTree = "<group>";
		};
		227A1513254D6003009CF49E /* LaunchScreen.storyboard */ = {
			isa = PBXVariantGroup;
			children = (
				227A1514254D6003009CF49E /* Base */,
			);
			name = LaunchScreen.storyboard;
			sourceTree = "<group>";
		};
/* End PBXVariantGroup section */

/* Begin XCBuildConfiguration section */
		227A1517254D6003009CF49E /* Debug */ = {
			isa = XCBuildConfiguration;
			buildSettings = {
				ALWAYS_SEARCH_USER_PATHS = NO;
				CLANG_ANALYZER_NONNULL = YES;
				CLANG_ANALYZER_NUMBER_OBJECT_CONVERSION = YES_AGGRESSIVE;
				CLANG_CXX_LANGUAGE_STANDARD = "gnu++14";
				CLANG_CXX_LIBRARY = "libc++";
				CLANG_ENABLE_MODULES = YES;
				CLANG_ENABLE_OBJC_ARC = YES;
				CLANG_ENABLE_OBJC_WEAK = YES;
				CLANG_WARN_BLOCK_CAPTURE_AUTORELEASING = YES;
				CLANG_WARN_BOOL_CONVERSION = YES;
				CLANG_WARN_COMMA = YES;
				CLANG_WARN_CONSTANT_CONVERSION = YES;
				CLANG_WARN_DEPRECATED_OBJC_IMPLEMENTATIONS = YES;
				CLANG_WARN_DIRECT_OBJC_ISA_USAGE = YES_ERROR;
				CLANG_WARN_DOCUMENTATION_COMMENTS = YES;
				CLANG_WARN_EMPTY_BODY = YES;
				CLANG_WARN_ENUM_CONVERSION = YES;
				CLANG_WARN_INFINITE_RECURSION = YES;
				CLANG_WARN_INT_CONVERSION = YES;
				CLANG_WARN_NON_LITERAL_NULL_CONVERSION = YES;
				CLANG_WARN_OBJC_IMPLICIT_RETAIN_SELF = YES;
				CLANG_WARN_OBJC_LITERAL_CONVERSION = YES;
				CLANG_WARN_OBJC_ROOT_CLASS = YES_ERROR;
				CLANG_WARN_QUOTED_INCLUDE_IN_FRAMEWORK_HEADER = YES;
				CLANG_WARN_RANGE_LOOP_ANALYSIS = YES;
				CLANG_WARN_STRICT_PROTOTYPES = YES;
				CLANG_WARN_SUSPICIOUS_MOVE = YES;
				CLANG_WARN_UNGUARDED_AVAILABILITY = YES_AGGRESSIVE;
				CLANG_WARN_UNREACHABLE_CODE = YES;
				CLANG_WARN__DUPLICATE_METHOD_MATCH = YES;
				COPY_PHASE_STRIP = NO;
				DEBUG_INFORMATION_FORMAT = dwarf;
				ENABLE_STRICT_OBJC_MSGSEND = YES;
				ENABLE_TESTABILITY = YES;
				GCC_C_LANGUAGE_STANDARD = gnu11;
				GCC_DYNAMIC_NO_PIC = NO;
				GCC_NO_COMMON_BLOCKS = YES;
				GCC_OPTIMIZATION_LEVEL = 0;
				GCC_PREPROCESSOR_DEFINITIONS = (
					"DEBUG=1",
					"$(inherited)",
				);
				GCC_WARN_64_TO_32_BIT_CONVERSION = YES;
				GCC_WARN_ABOUT_RETURN_TYPE = YES_ERROR;
				GCC_WARN_UNDECLARED_SELECTOR = YES;
				GCC_WARN_UNINITIALIZED_AUTOS = YES_AGGRESSIVE;
				GCC_WARN_UNUSED_FUNCTION = YES;
				GCC_WARN_UNUSED_VARIABLE = YES;
				IPHONEOS_DEPLOYMENT_TARGET = 14.0;
				MTL_ENABLE_DEBUG_INFO = INCLUDE_SOURCE;
				MTL_FAST_MATH = YES;
				ONLY_ACTIVE_ARCH = YES;
				SDKROOT = iphoneos;
				SWIFT_ACTIVE_COMPILATION_CONDITIONS = DEBUG;
				SWIFT_OPTIMIZATION_LEVEL = "-Onone";
			};
			name = Debug;
		};
		227A1518254D6003009CF49E /* Release */ = {
			isa = XCBuildConfiguration;
			buildSettings = {
				ALWAYS_SEARCH_USER_PATHS = NO;
				CLANG_ANALYZER_NONNULL = YES;
				CLANG_ANALYZER_NUMBER_OBJECT_CONVERSION = YES_AGGRESSIVE;
				CLANG_CXX_LANGUAGE_STANDARD = "gnu++14";
				CLANG_CXX_LIBRARY = "libc++";
				CLANG_ENABLE_MODULES = YES;
				CLANG_ENABLE_OBJC_ARC = YES;
				CLANG_ENABLE_OBJC_WEAK = YES;
				CLANG_WARN_BLOCK_CAPTURE_AUTORELEASING = YES;
				CLANG_WARN_BOOL_CONVERSION = YES;
				CLANG_WARN_COMMA = YES;
				CLANG_WARN_CONSTANT_CONVERSION = YES;
				CLANG_WARN_DEPRECATED_OBJC_IMPLEMENTATIONS = YES;
				CLANG_WARN_DIRECT_OBJC_ISA_USAGE = YES_ERROR;
				CLANG_WARN_DOCUMENTATION_COMMENTS = YES;
				CLANG_WARN_EMPTY_BODY = YES;
				CLANG_WARN_ENUM_CONVERSION = YES;
				CLANG_WARN_INFINITE_RECURSION = YES;
				CLANG_WARN_INT_CONVERSION = YES;
				CLANG_WARN_NON_LITERAL_NULL_CONVERSION = YES;
				CLANG_WARN_OBJC_IMPLICIT_RETAIN_SELF = YES;
				CLANG_WARN_OBJC_LITERAL_CONVERSION = YES;
				CLANG_WARN_OBJC_ROOT_CLASS = YES_ERROR;
				CLANG_WARN_QUOTED_INCLUDE_IN_FRAMEWORK_HEADER = YES;
				CLANG_WARN_RANGE_LOOP_ANALYSIS = YES;
				CLANG_WARN_STRICT_PROTOTYPES = YES;
				CLANG_WARN_SUSPICIOUS_MOVE = YES;
				CLANG_WARN_UNGUARDED_AVAILABILITY = YES_AGGRESSIVE;
				CLANG_WARN_UNREACHABLE_CODE = YES;
				CLANG_WARN__DUPLICATE_METHOD_MATCH = YES;
				COPY_PHASE_STRIP = NO;
				DEBUG_INFORMATION_FORMAT = "dwarf-with-dsym";
				ENABLE_NS_ASSERTIONS = NO;
				ENABLE_STRICT_OBJC_MSGSEND = YES;
				GCC_C_LANGUAGE_STANDARD = gnu11;
				GCC_NO_COMMON_BLOCKS = YES;
				GCC_WARN_64_TO_32_BIT_CONVERSION = YES;
				GCC_WARN_ABOUT_RETURN_TYPE = YES_ERROR;
				GCC_WARN_UNDECLARED_SELECTOR = YES;
				GCC_WARN_UNINITIALIZED_AUTOS = YES_AGGRESSIVE;
				GCC_WARN_UNUSED_FUNCTION = YES;
				GCC_WARN_UNUSED_VARIABLE = YES;
				IPHONEOS_DEPLOYMENT_TARGET = 14.0;
				MTL_ENABLE_DEBUG_INFO = NO;
				MTL_FAST_MATH = YES;
				SDKROOT = iphoneos;
				SWIFT_COMPILATION_MODE = wholemodule;
				SWIFT_OPTIMIZATION_LEVEL = "-O";
				VALIDATE_PRODUCT = YES;
			};
			name = Release;
		};
		227A151A254D6003009CF49E /* Debug */ = {
			isa = XCBuildConfiguration;
			buildSettings = {
				ASSETCATALOG_COMPILER_APPICON_NAME = AppIcon;
				ASSETCATALOG_COMPILER_GLOBAL_ACCENT_COLOR_NAME = AccentColor;
				CODE_SIGN_STYLE = Automatic;
				DEVELOPMENT_TEAM = 6Q233F3ZPX;
				INFOPLIST_FILE = VIPERModule/Info.plist;
				LD_RUNPATH_SEARCH_PATHS = (
					"$(inherited)",
					"@executable_path/Frameworks",
				);
				PRODUCT_BUNDLE_IDENTIFIER = com.app.VIPERModule;
				PRODUCT_NAME = "$(TARGET_NAME)";
				SWIFT_VERSION = 5.0;
				TARGETED_DEVICE_FAMILY = "1,2";
			};
			name = Debug;
		};
		227A151B254D6003009CF49E /* Release */ = {
			isa = XCBuildConfiguration;
			buildSettings = {
				ASSETCATALOG_COMPILER_APPICON_NAME = AppIcon;
				ASSETCATALOG_COMPILER_GLOBAL_ACCENT_COLOR_NAME = AccentColor;
				CODE_SIGN_STYLE = Automatic;
				DEVELOPMENT_TEAM = 6Q233F3ZPX;
				INFOPLIST_FILE = VIPERModule/Info.plist;
				LD_RUNPATH_SEARCH_PATHS = (
					"$(inherited)",
					"@executable_path/Frameworks",
				);
				PRODUCT_BUNDLE_IDENTIFIER = com.app.VIPERModule;
				PRODUCT_NAME = "$(TARGET_NAME)";
				SWIFT_VERSION = 5.0;
				TARGETED_DEVICE_FAMILY = "1,2";
			};
			name = Release;
		};
/* End XCBuildConfiguration section */

/* Begin XCConfigurationList section */
		227A1500254D5FFD009CF49E /* Build configuration list for PBXProject "VIPERModule" */ = {
			isa = XCConfigurationList;
			buildConfigurations = (
				227A1517254D6003009CF49E /* Debug */,
				227A1518254D6003009CF49E /* Release */,
			);
			defaultConfigurationIsVisible = 0;
			defaultConfigurationName = Release;
		};
		227A1519254D6003009CF49E /* Build configuration list for PBXNativeTarget "VIPERModule" */ = {
			isa = XCConfigurationList;
			buildConfigurations = (
				227A151A254D6003009CF49E /* Debug */,
				227A151B254D6003009CF49E /* Release */,
			);
			defaultConfigurationIsVisible = 0;
			defaultConfigurationName = Release;
		};
/* End XCConfigurationList section */
	};
	rootObject = 227A14FD254D5FFD009CF49E /* Project object */;
}
